
Microsoft Visual Studio Solution File, Format Version 12.00
# Visual Studio 15
VisualStudioVersion = 15.0.28307.489
MinimumVisualStudioVersion = 10.0.40219.1
Project("{9A19103F-16F7-4668-BE54-9A1E7A4F7556}") = "TutorSearch.Tests", "TutorSearch.Tests\TutorSearch.Tests.csproj", "{110E68BF-6A8D-4CEC-907C-2670579F13A0}"
EndProject
Project("{FAE04EC0-301F-11D3-BF4B-00C04F79EFBC}") = "TutorSearch.Web", "TutorSearch.Web\TutorSearch.Web.csproj", "{7B7F68D6-20D6-4F03-9651-6B507A62AE0A}"
EndProject
Global
	GlobalSection(SolutionConfigurationPlatforms) = preSolution
		Debug|Any CPU = Debug|Any CPU
		Release|Any CPU = Release|Any CPU
	EndGlobalSection
	GlobalSection(ProjectConfigurationPlatforms) = postSolution
		{110E68BF-6A8D-4CEC-907C-2670579F13A0}.Debug|Any CPU.ActiveCfg = Debug|Any CPU
		{110E68BF-6A8D-4CEC-907C-2670579F13A0}.Debug|Any CPU.Build.0 = Debug|Any CPU
		{110E68BF-6A8D-4CEC-907C-2670579F13A0}.Release|Any CPU.ActiveCfg = Release|Any CPU
		{110E68BF-6A8D-4CEC-907C-2670579F13A0}.Release|Any CPU.Build.0 = Release|Any CPU
		{7B7F68D6-20D6-4F03-9651-6B507A62AE0A}.Debug|Any CPU.ActiveCfg = Debug|Any CPU
		{7B7F68D6-20D6-4F03-9651-6B507A62AE0A}.Debug|Any CPU.Build.0 = Debug|Any CPU
		{7B7F68D6-20D6-4F03-9651-6B507A62AE0A}.Release|Any CPU.ActiveCfg = Release|Any CPU
		{7B7F68D6-20D6-4F03-9651-6B507A62AE0A}.Release|Any CPU.Build.0 = Release|Any CPU
	EndGlobalSection
	GlobalSection(SolutionProperties) = preSolution
		HideSolutionNode = FALSE
	EndGlobalSection
	GlobalSection(ExtensibilityGlobals) = postSolution
		SolutionGuid = {07B2058E-5758-4475-896C-D0614A054124}
	EndGlobalSection
EndGlobal
